{
  "version": 4,
  "terraform_version": "1.11.3",
  "serial": 4,
  "lineage": "afcf5076-9238-9500-e20d-217290b260d5",
  "outputs": {},
  "resources": [
    {
      "mode": "managed",
      "type": "azurerm_app_service",
      "name": "app",
      "provider": "provider[\"registry.terraform.io/hashicorp/azurerm\"]",
      "instances": [
        {
          "schema_version": 0,
          "attributes": {
            "app_service_plan_id": "/subscriptions/65204ca9-fc1b-418e-9981-39b5249fe02c/resourceGroups/rg-jenkins/providers/Microsoft.Web/serverFarms/app-service-plan",
            "app_settings": {},
            "auth_settings": [
              {
                "active_directory": [],
                "additional_login_params": {},
                "allowed_external_redirect_urls": [],
                "default_provider": "",
                "enabled": false,
                "facebook": [],
                "google": [],
                "issuer": "",
                "microsoft": [],
                "runtime_version": "",
                "token_refresh_extension_hours": 0,
                "token_store_enabled": false,
                "twitter": [],
                "unauthenticated_client_action": ""
              }
            ],
            "backup": [],
            "client_affinity_enabled": false,
            "client_cert_enabled": false,
            "client_cert_mode": "Required",
            "connection_string": [],
            "custom_domain_verification_id": "28EAF772C1AB7AF7238182870CA56105C4C7C09DA5B4D7B4F11EA331D91D6BFA",
            "default_site_hostname": "webapijenkins2808.azurewebsites.net",
            "enabled": true,
            "https_only": false,
            "id": "/subscriptions/65204ca9-fc1b-418e-9981-39b5249fe02c/resourceGroups/rg-jenkins/providers/Microsoft.Web/sites/webapijenkins2808",
            "identity": [],
            "key_vault_reference_identity_id": "SystemAssigned",
            "location": "eastus",
            "logs": [
              {
                "application_logs": [
                  {
                    "azure_blob_storage": [],
                    "file_system_level": "Off"
                  }
                ],
                "detailed_error_messages_enabled": false,
                "failed_request_tracing_enabled": false,
                "http_logs": [
                  {
                    "azure_blob_storage": [],
                    "file_system": []
                  }
                ]
              }
            ],
            "name": "webapijenkins2808",
            "outbound_ip_address_list": [
              "40.76.161.241",
              "40.76.161.246",
              "40.76.162.24",
              "40.76.162.26",
              "40.76.162.31",
              "40.76.162.34",
              "20.49.104.12"
            ],
            "outbound_ip_addresses": "40.76.161.241,40.76.161.246,40.76.162.24,40.76.162.26,40.76.162.31,40.76.162.34,20.49.104.12",
            "possible_outbound_ip_address_list": [
              "40.76.161.241",
              "40.76.161.246",
              "40.76.162.24",
              "40.76.162.26",
              "40.76.162.31",
              "40.76.162.34",
              "40.76.162.43",
              "40.76.162.45",
              "40.76.162.58",
              "40.76.162.63",
              "40.76.162.70",
              "40.76.162.100",
              "52.226.149.227",
              "52.226.149.233",
              "52.224.184.236",
              "52.226.149.242",
              "52.226.149.251",
              "52.226.150.4",
              "52.224.202.104",
              "52.224.202.152",
              "52.224.202.159",
              "52.224.202.234",
              "52.224.203.6",
              "52.224.203.223",
              "20.49.104.12"
            ],
            "possible_outbound_ip_addresses": "40.76.161.241,40.76.161.246,40.76.162.24,40.76.162.26,40.76.162.31,40.76.162.34,40.76.162.43,40.76.162.45,40.76.162.58,40.76.162.63,40.76.162.70,40.76.162.100,52.226.149.227,52.226.149.233,52.224.184.236,52.226.149.242,52.226.149.251,52.226.150.4,52.224.202.104,52.224.202.152,52.224.202.159,52.224.202.234,52.224.203.6,52.224.203.223,20.49.104.12",
            "resource_group_name": "rg-jenkins",
            "site_config": [
              {
                "acr_use_managed_identity_credentials": false,
                "acr_user_managed_identity_client_id": "",
                "always_on": false,
                "app_command_line": "",
                "auto_swap_slot_name": "",
                "cors": [
                  {
                    "allowed_origins": [],
                    "support_credentials": false
                  }
                ],
                "default_documents": null,
                "dotnet_framework_version": "v4.0",
                "ftps_state": "FtpsOnly",
                "health_check_path": "",
                "http2_enabled": false,
                "ip_restriction": [],
                "java_container": "",
                "java_container_version": "",
                "java_version": "",
                "linux_fx_version": "DOTNET|8.0",
                "local_mysql_enabled": false,
                "managed_pipeline_mode": "Integrated",
                "min_tls_version": "1.2",
                "number_of_workers": 1,
                "php_version": "",
                "python_version": "",
                "remote_debugging_enabled": false,
                "remote_debugging_version": "VS2022",
                "scm_ip_restriction": [],
                "scm_type": "None",
                "scm_use_main_ip_restriction": false,
                "use_32_bit_worker_process": false,
                "vnet_route_all_enabled": false,
                "websockets_enabled": false,
                "windows_fx_version": ""
              }
            ],
            "site_credential": [
              {
                "password": "yqzyWfDqYoTgFE7wgBC1L0LQvJKFjjLw35d4tEHqLaDieZvPEmvNf1kBlkol",
                "username": "$webapijenkins2808"
              }
            ],
            "source_control": [
              {
                "branch": "main",
                "manual_integration": false,
                "repo_url": "",
                "rollback_enabled": false,
                "use_mercurial": false
              }
            ],
            "storage_account": [],
            "tags": null,
            "timeouts": null
          },
          "sensitive_attributes": [],
          "private": "eyJlMmJmYjczMC1lY2FhLTExZTYtOGY4OC0zNDM2M2JjN2M0YzAiOnsiY3JlYXRlIjoxODAwMDAwMDAwMDAwLCJkZWxldGUiOjE4MDAwMDAwMDAwMDAsInJlYWQiOjMwMDAwMDAwMDAwMCwidXBkYXRlIjoxODAwMDAwMDAwMDAwfX0=",
          "dependencies": [
            "azurerm_app_service_plan.asp",
            "azurerm_resource_group.rg"
          ]
        }
      ]
    },
    {
      "mode": "managed",
      "type": "azurerm_app_service_plan",
      "name": "asp",
      "provider": "provider[\"registry.terraform.io/hashicorp/azurerm\"]",
      "instances": [
        {
          "schema_version": 1,
          "attributes": {
            "app_service_environment_id": "",
            "id": "/subscriptions/65204ca9-fc1b-418e-9981-39b5249fe02c/resourceGroups/rg-jenkins/providers/Microsoft.Web/serverFarms/app-service-plan",
            "is_xenon": false,
            "kind": "linux",
            "location": "eastus",
            "maximum_elastic_worker_count": 1,
            "maximum_number_of_workers": 3,
            "name": "app-service-plan",
            "per_site_scaling": false,
            "reserved": true,
            "resource_group_name": "rg-jenkins",
            "sku": [
              {
                "capacity": 1,
                "size": "B1",
                "tier": "Basic"
              }
            ],
            "tags": null,
            "timeouts": null,
            "zone_redundant": false
          },
          "sensitive_attributes": [],
          "private": "eyJlMmJmYjczMC1lY2FhLTExZTYtOGY4OC0zNDM2M2JjN2M0YzAiOnsiY3JlYXRlIjozNjAwMDAwMDAwMDAwLCJkZWxldGUiOjM2MDAwMDAwMDAwMDAsInJlYWQiOjMwMDAwMDAwMDAwMCwidXBkYXRlIjozNjAwMDAwMDAwMDAwfSwic2NoZW1hX3ZlcnNpb24iOiIxIn0=",
          "dependencies": [
            "azurerm_resource_group.rg"
          ]
        }
      ]
    },
    {
      "mode": "managed",
      "type": "azurerm_resource_group",
      "name": "rg",
      "provider": "provider[\"registry.terraform.io/hashicorp/azurerm\"]",
      "instances": [
        {
          "schema_version": 0,
          "attributes": {
            "id": "/subscriptions/65204ca9-fc1b-418e-9981-39b5249fe02c/resourceGroups/rg-jenkins",
            "location": "eastus",
            "managed_by": "",
            "name": "rg-jenkins",
            "tags": null,
            "timeouts": null
          },
          "sensitive_attributes": [],
          "private": "eyJlMmJmYjczMC1lY2FhLTExZTYtOGY4OC0zNDM2M2JjN2M0YzAiOnsiY3JlYXRlIjo1NDAwMDAwMDAwMDAwLCJkZWxldGUiOjU0MDAwMDAwMDAwMDAsInJlYWQiOjMwMDAwMDAwMDAwMCwidXBkYXRlIjo1NDAwMDAwMDAwMDAwfX0="
        }
      ]
    }
  ],
  "check_results": null
}
